{
    "version": 3,
    "terraform_version": "0.11.2",
    "serial": 14,
    "lineage": "eac6f571-6b3e-49c5-b4db-bd012fe4c99f",
    "modules": [
        {
            "path": [
                "root"
            ],
            "outputs": {
                "batch_service_role_arn": {
                    "sensitive": false,
                    "type": "string",
                    "value": "arn:aws:iam::078897461510:role/cl/app/wosdataconv/batch_service_wos_dev-u6047692_ExecutionRole"
                },
                "batch_sg": {
                    "sensitive": false,
                    "type": "string",
                    "value": "sg-bc98f3c2"
                },
                "instance_profile_arn": {
                    "sensitive": false,
                    "type": "string",
                    "value": "arn:aws:iam::078897461510:instance-profile/cl/app/wosdataconv/batch_service_wos_dev-u6047692_BatchInstanceProfileRole"
                },
                "subnet_ids": {
                    "sensitive": false,
                    "type": "list",
                    "value": [
                        "subnet-e6ee11bd",
                        "subnet-8d085cea",
                        "subnet-91204fd8"
                    ]
                },
                "vpc_id": {
                    "sensitive": false,
                    "type": "string",
                    "value": "vpc-8e4078e9"
                }
            },
            "resources": {
                "aws_batch_compute_environment.batch_service": {
                    "type": "aws_batch_compute_environment",
                    "depends_on": [
                        "data.aws_iam_instance_profile.instance_profile",
                        "data.aws_iam_role.batch_service_role",
                        "data.aws_security_group.batch_sg",
                        "data.aws_subnet_ids.private",
                        "module.tags"
                    ],
                    "primary": {
                        "id": "batch_service_wos_us-west-2_dev-u6047692",
                        "attributes": {
                            "arn": "arn:aws:batch:us-west-2:078897461510:compute-environment/batch_service_wos_us-west-2_dev-u6047692",
                            "compute_environment_name": "batch_service_wos_us-west-2_dev-u6047692",
                            "compute_resources.#": "1",
                            "compute_resources.0.bid_percentage": "0",
                            "compute_resources.0.desired_vcpus": "2",
                            "compute_resources.0.ec2_key_pair": "sar-devops-team",
                            "compute_resources.0.image_id": "ami-40ddb938",
                            "compute_resources.0.instance_role": "arn:aws:iam::078897461510:instance-profile/cl/app/wosdataconv/batch_service_wos_dev-u6047692_BatchInstanceProfileRole",
                            "compute_resources.0.instance_type.#": "1",
                            "compute_resources.0.instance_type.4197322101": "m3",
                            "compute_resources.0.max_vcpus": "3",
                            "compute_resources.0.min_vcpus": "1",
                            "compute_resources.0.security_group_ids.#": "1",
                            "compute_resources.0.security_group_ids.4033406981": "sg-bc98f3c2",
                            "compute_resources.0.spot_iam_fleet_role": "",
                            "compute_resources.0.subnets.#": "3",
                            "compute_resources.0.subnets.155136635": "subnet-e6ee11bd",
                            "compute_resources.0.subnets.2702447100": "subnet-91204fd8",
                            "compute_resources.0.subnets.2959097585": "subnet-8d085cea",
                            "compute_resources.0.tags.%": "9",
                            "compute_resources.0.tags.Name": "batch_service",
                            "compute_resources.0.tags.ca:created-by": "terraform",
                            "compute_resources.0.tags.ca:owner": "NEED TO TAG",
                            "compute_resources.0.tags.ca:tier": "NEED TO TAG",
                            "compute_resources.0.tags.tr:Role": "batch_service",
                            "compute_resources.0.tags.tr:appFamily": "batch_service_dev",
                            "compute_resources.0.tags.tr:appName": "wos",
                            "compute_resources.0.tags.tr:created-by": "6047692",
                            "compute_resources.0.tags.tr:environment-type": "dev",
                            "compute_resources.0.type": "EC2",
                            "ecc_cluster_arn": "arn:aws:ecs:us-west-2:078897461510:cluster/batch_service_wos_us-west-2_dev-u6047692_Batch_4febf959-f735-301f-99e7-e01e4836f566",
                            "ecs_cluster_arn": "arn:aws:ecs:us-west-2:078897461510:cluster/batch_service_wos_us-west-2_dev-u6047692_Batch_4febf959-f735-301f-99e7-e01e4836f566",
                            "id": "batch_service_wos_us-west-2_dev-u6047692",
                            "service_role": "arn:aws:iam::078897461510:role/cl/app/wosdataconv/batch_service_wos_dev-u6047692_ExecutionRole",
                            "state": "ENABLED",
                            "status": "VALID",
                            "status_reason": "ComputeEnvironment Healthy",
                            "type": "MANAGED"
                        },
                        "meta": {},
                        "tainted": false
                    },
                    "deposed": [],
                    "provider": "provider.aws"
                },
                "aws_batch_job_queue.batch_service_wos": {
                    "type": "aws_batch_job_queue",
                    "depends_on": [
                        "aws_batch_compute_environment.batch_service"
                    ],
                    "primary": {
                        "id": "arn:aws:batch:us-west-2:078897461510:job-queue/batch-wos-job-queue-u6047692",
                        "attributes": {
                            "arn": "arn:aws:batch:us-west-2:078897461510:job-queue/batch-wos-job-queue-u6047692",
                            "compute_environments.#": "1",
                            "compute_environments.0": "arn:aws:batch:us-west-2:078897461510:compute-environment/batch_service_wos_us-west-2_dev-u6047692",
                            "id": "arn:aws:batch:us-west-2:078897461510:job-queue/batch-wos-job-queue-u6047692",
                            "name": "batch-wos-job-queue-u6047692",
                            "priority": "1",
                            "state": "ENABLED"
                        },
                        "meta": {},
                        "tainted": false
                    },
                    "deposed": [],
                    "provider": "provider.aws"
                },
                "data.aws_iam_instance_profile.instance_profile": {
                    "type": "aws_iam_instance_profile",
                    "depends_on": [],
                    "primary": {
                        "id": "AIPAICIYK4K2NTTLZSDOG",
                        "attributes": {
                            "arn": "arn:aws:iam::078897461510:instance-profile/cl/app/wosdataconv/batch_service_wos_dev-u6047692_BatchInstanceProfileRole",
                            "create_date": "2018-04-20 15:47:29 +0000 UTC",
                            "id": "AIPAICIYK4K2NTTLZSDOG",
                            "name": "batch_service_wos_dev-u6047692_BatchInstanceProfileRole",
                            "path": "/cl/app/wosdataconv/",
                            "role_id": "AROAINYR2JXKGYLZ26WO2"
                        },
                        "meta": {},
                        "tainted": false
                    },
                    "deposed": [],
                    "provider": "provider.aws"
                },
                "data.aws_iam_role.batch_service_role": {
                    "type": "aws_iam_role",
                    "depends_on": [],
                    "primary": {
                        "id": "batch_service_wos_dev-u6047692_ExecutionRole",
                        "attributes": {
                            "arn": "arn:aws:iam::078897461510:role/cl/app/wosdataconv/batch_service_wos_dev-u6047692_ExecutionRole",
                            "assume_role_policy": "{\"Version\":\"2012-10-17\",\"Statement\":[{\"Effect\":\"Allow\",\"Principal\":{\"Service\":\"batch.amazonaws.com\"},\"Action\":\"sts:AssumeRole\"}]}",
                            "assume_role_policy_document": "{\"Version\":\"2012-10-17\",\"Statement\":[{\"Effect\":\"Allow\",\"Principal\":{\"Service\":\"batch.amazonaws.com\"},\"Action\":\"sts:AssumeRole\"}]}",
                            "create_date": "2018-04-20T19:35:42Z",
                            "id": "batch_service_wos_dev-u6047692_ExecutionRole",
                            "max_session_duration": "3600",
                            "name": "batch_service_wos_dev-u6047692_ExecutionRole",
                            "path": "/cl/app/wosdataconv/",
                            "role_id": "AROAJPILZMLHEUHYOZSKE",
                            "unique_id": "AROAJPILZMLHEUHYOZSKE"
                        },
                        "meta": {},
                        "tainted": false
                    },
                    "deposed": [],
                    "provider": "provider.aws"
                },
                "data.aws_security_group.batch_sg": {
                    "type": "aws_security_group",
                    "depends_on": [
                        "data.aws_vpc.vpc"
                    ],
                    "primary": {
                        "id": "sg-bc98f3c2",
                        "attributes": {
                            "arn": "arn:aws:ec2:us-west-2:078897461510:security-group/sg-bc98f3c2",
                            "description": "Security Group managed by Terraform",
                            "id": "sg-bc98f3c2",
                            "name": "batch_service_wos_us-west-2_dev-u6047692",
                            "tags.%": "9",
                            "tags.Name": "batch_service_wos_us-west-2_dev-u6047692",
                            "tags.ca:created-by": "terraform",
                            "tags.ca:owner": "NEED TO TAG",
                            "tags.ca:tier": "NEED TO TAG",
                            "tags.tr:Role": "batch_service",
                            "tags.tr:appFamily": "batch_service_dev",
                            "tags.tr:appName": "wos",
                            "tags.tr:created-by": "6047692",
                            "tags.tr:environment-type": "dev",
                            "vpc_id": "vpc-8e4078e9"
                        },
                        "meta": {},
                        "tainted": false
                    },
                    "deposed": [],
                    "provider": "provider.aws"
                },
                "data.aws_subnet_ids.private": {
                    "type": "aws_subnet_ids",
                    "depends_on": [
                        "data.aws_vpc.vpc"
                    ],
                    "primary": {
                        "id": "vpc-8e4078e9",
                        "attributes": {
                            "id": "vpc-8e4078e9",
                            "ids.#": "3",
                            "ids.2249465873": "subnet-e6ee11bd",
                            "ids.3217859431": "subnet-8d085cea",
                            "ids.3404264124": "subnet-91204fd8",
                            "tags.%": "1",
                            "tags.Name": "clarivate-wos-main.internal.us-west-2*",
                            "vpc_id": "vpc-8e4078e9"
                        },
                        "meta": {},
                        "tainted": false
                    },
                    "deposed": [],
                    "provider": "provider.aws"
                },
                "data.aws_vpc.vpc": {
                    "type": "aws_vpc",
                    "depends_on": [],
                    "primary": {
                        "id": "vpc-8e4078e9",
                        "attributes": {
                            "cidr_block": "10.236.72.0/21",
                            "default": "false",
                            "dhcp_options_id": "dopt-78f50c1e",
                            "enable_dns_hostnames": "true",
                            "enable_dns_support": "true",
                            "filter.#": "1",
                            "filter.2905900751.name": "tag:Name",
                            "filter.2905900751.values.#": "1",
                            "filter.2905900751.values.410874831": "clarivate-wos-main",
                            "id": "vpc-8e4078e9",
                            "instance_tenancy": "default",
                            "state": "available",
                            "tags.%": "3",
                            "tags.Name": "clarivate-wos-main",
                            "tags.created-by": "Migration terraform",
                            "tags.region": "us-west-2"
                        },
                        "meta": {},
                        "tainted": false
                    },
                    "deposed": [],
                    "provider": "provider.aws"
                }
            },
            "depends_on": []
        },
        {
            "path": [
                "root",
                "tags"
            ],
            "outputs": {
                "tag_Name": {
                    "sensitive": false,
                    "type": "map",
                    "value": {
                        "Name": "batch_service"
                    }
                },
                "tags_merged": {
                    "sensitive": false,
                    "type": "map",
                    "value": {
                        "Name": "batch_service",
                        "ca:created-by": "terraform",
                        "ca:owner": "NEED TO TAG",
                        "ca:tier": "NEED TO TAG",
                        "tr:Role": "batch_service",
                        "tr:appFamily": "batch_service_dev",
                        "tr:appName": "wos",
                        "tr:created-by": "6047692",
                        "tr:environment-type": "dev"
                    }
                },
                "tags_merged_asg": {
                    "sensitive": false,
                    "type": "list",
                    "value": [
                        {
                            "key": "Name",
                            "propagate_at_launch": "1",
                            "value": "batch_service"
                        },
                        {
                            "key": "tr:appName",
                            "propagate_at_launch": "1",
                            "value": "wos"
                        },
                        {
                            "key": "tr:environment-type",
                            "propagate_at_launch": "1",
                            "value": "dev"
                        },
                        {
                            "key": "tr:Role",
                            "propagate_at_launch": "1",
                            "value": "batch_service"
                        },
                        {
                            "key": "ca:tier",
                            "propagate_at_launch": "1",
                            "value": "NEED TO TAG"
                        },
                        {
                            "key": "ca:owner",
                            "propagate_at_launch": "1",
                            "value": "NEED TO TAG"
                        },
                        {
                            "key": "ca:created-by",
                            "propagate_at_launch": "1",
                            "value": "terraform"
                        }
                    ]
                }
            },
            "resources": {
                "data.template_file.tag_Name_value": {
                    "type": "template_file",
                    "depends_on": [],
                    "primary": {
                        "id": "6661f92ba4113b610b7065cba1bf6cdc270becb0839d5c65d30bdcf6b7d8b57c",
                        "attributes": {
                            "id": "6661f92ba4113b610b7065cba1bf6cdc270becb0839d5c65d30bdcf6b7d8b57c",
                            "rendered": "wos.dev.batch_service",
                            "template": "${it}",
                            "vars.%": "1",
                            "vars.it": "wos.dev.batch_service"
                        },
                        "meta": {},
                        "tainted": false
                    },
                    "deposed": [],
                    "provider": "provider.template"
                }
            },
            "depends_on": []
        }
    ]
}
